
Microsoft Visual Studio Solution File, Format Version 12.00
# Visual Studio 14
VisualStudioVersion = 14.0.25420.1
MinimumVisualStudioVersion = 10.0.40219.1
Project("{FAE04EC0-301F-11D3-BF4B-00C04F79EFBC}") = "Bil register program", "Bil register program\Bil register program.csproj", "{6812F7EE-4DC1-4B7A-B5F2-90E439ED278D}"
EndProject
Global
	GlobalSection(SolutionConfigurationPlatforms) = preSolution
		Debug|Any CPU = Debug|Any CPU
		Release|Any CPU = Release|Any CPU
	EndGlobalSection
	GlobalSection(ProjectConfigurationPlatforms) = postSolution
		{6812F7EE-4DC1-4B7A-B5F2-90E439ED278D}.Debug|Any CPU.ActiveCfg = Debug|Any CPU
		{6812F7EE-4DC1-4B7A-B5F2-90E439ED278D}.Debug|Any CPU.Build.0 = Debug|Any CPU
		{6812F7EE-4DC1-4B7A-B5F2-90E439ED278D}.Release|Any CPU.ActiveCfg = Release|Any CPU
		{6812F7EE-4DC1-4B7A-B5F2-90E439ED278D}.Release|Any CPU.Build.0 = Release|Any CPU
	EndGlobalSection
	GlobalSection(SolutionProperties) = preSolution
		HideSolutionNode = FALSE
	EndGlobalSection
EndGlobal
